
Microsoft Visual Studio Solution File, Format Version 12.00
# Visual Studio Version 16
VisualStudioVersion = 16.0.30413.136
MinimumVisualStudioVersion = 10.0.40219.1
Project("{FAE04EC0-301F-11D3-BF4B-00C04F79EFBC}") = "ConexaoDLL", "ConexaoDLL\ConexaoDLL.csproj", "{557A38E1-121B-4FFA-80AB-0DD764090D60}"
EndProject
Global
	GlobalSection(SolutionConfigurationPlatforms) = preSolution
		Debug|Any CPU = Debug|Any CPU
		Release|Any CPU = Release|Any CPU
	EndGlobalSection
	GlobalSection(ProjectConfigurationPlatforms) = postSolution
		{557A38E1-121B-4FFA-80AB-0DD764090D60}.Debug|Any CPU.ActiveCfg = Debug|Any CPU
		{557A38E1-121B-4FFA-80AB-0DD764090D60}.Debug|Any CPU.Build.0 = Debug|Any CPU
		{557A38E1-121B-4FFA-80AB-0DD764090D60}.Release|Any CPU.ActiveCfg = Release|Any CPU
		{557A38E1-121B-4FFA-80AB-0DD764090D60}.Release|Any CPU.Build.0 = Release|Any CPU
	EndGlobalSection
	GlobalSection(SolutionProperties) = preSolution
		HideSolutionNode = FALSE
	EndGlobalSection
	GlobalSection(ExtensibilityGlobals) = postSolution
		SolutionGuid = {3FB47BED-0A4D-4F93-BFB7-87115043AA68}
	EndGlobalSection
EndGlobal
