
Microsoft Visual Studio Solution File, Format Version 12.00
# Visual Studio Version 16
VisualStudioVersion = 16.0.30413.136
MinimumVisualStudioVersion = 10.0.40219.1
Project("{9A19103F-16F7-4668-BE54-9A1E7A4F7556}") = "RateME", "RateME\RateME.csproj", "{C03BD449-C48E-4A51-A0F9-B83968CAFF3C}"
EndProject
Project("{2150E333-8FDC-42A3-9474-1A3956D46DE8}") = "Modules", "Modules", "{F809D47E-43CB-47C7-9ECC-FF8572086E5D}"
EndProject
Project("{9A19103F-16F7-4668-BE54-9A1E7A4F7556}") = "AvaliacaoDLL", "..\AvaliacaoDLL\AvaliacaoDLL\AvaliacaoDLL.csproj", "{9D1E3021-0769-4202-B98B-3619CD71277E}"
EndProject
Project("{9A19103F-16F7-4668-BE54-9A1E7A4F7556}") = "ConexaoDLL", "..\ConexaoDLL\ConexaoDLL\ConexaoDLL.csproj", "{70338367-DB5E-449B-9FDB-34B277290F32}"
EndProject
Global
	GlobalSection(SolutionConfigurationPlatforms) = preSolution
		Debug|Any CPU = Debug|Any CPU
		Release|Any CPU = Release|Any CPU
	EndGlobalSection
	GlobalSection(ProjectConfigurationPlatforms) = postSolution
		{C03BD449-C48E-4A51-A0F9-B83968CAFF3C}.Debug|Any CPU.ActiveCfg = Debug|Any CPU
		{C03BD449-C48E-4A51-A0F9-B83968CAFF3C}.Debug|Any CPU.Build.0 = Debug|Any CPU
		{C03BD449-C48E-4A51-A0F9-B83968CAFF3C}.Release|Any CPU.ActiveCfg = Release|Any CPU
		{C03BD449-C48E-4A51-A0F9-B83968CAFF3C}.Release|Any CPU.Build.0 = Release|Any CPU
		{9D1E3021-0769-4202-B98B-3619CD71277E}.Debug|Any CPU.ActiveCfg = Debug|Any CPU
		{9D1E3021-0769-4202-B98B-3619CD71277E}.Debug|Any CPU.Build.0 = Debug|Any CPU
		{9D1E3021-0769-4202-B98B-3619CD71277E}.Release|Any CPU.ActiveCfg = Release|Any CPU
		{9D1E3021-0769-4202-B98B-3619CD71277E}.Release|Any CPU.Build.0 = Release|Any CPU
		{70338367-DB5E-449B-9FDB-34B277290F32}.Debug|Any CPU.ActiveCfg = Debug|Any CPU
		{70338367-DB5E-449B-9FDB-34B277290F32}.Debug|Any CPU.Build.0 = Debug|Any CPU
		{70338367-DB5E-449B-9FDB-34B277290F32}.Release|Any CPU.ActiveCfg = Release|Any CPU
		{70338367-DB5E-449B-9FDB-34B277290F32}.Release|Any CPU.Build.0 = Release|Any CPU
	EndGlobalSection
	GlobalSection(SolutionProperties) = preSolution
		HideSolutionNode = FALSE
	EndGlobalSection
	GlobalSection(NestedProjects) = preSolution
		{9D1E3021-0769-4202-B98B-3619CD71277E} = {F809D47E-43CB-47C7-9ECC-FF8572086E5D}
		{70338367-DB5E-449B-9FDB-34B277290F32} = {F809D47E-43CB-47C7-9ECC-FF8572086E5D}
	EndGlobalSection
	GlobalSection(ExtensibilityGlobals) = postSolution
		SolutionGuid = {6C141855-17FA-40A5-B7FF-D327F1037C29}
	EndGlobalSection
EndGlobal
