
Microsoft Visual Studio Solution File, Format Version 12.00
# Visual Studio Version 16
VisualStudioVersion = 16.0.30413.136
MinimumVisualStudioVersion = 10.0.40219.1
Project("{FAE04EC0-301F-11D3-BF4B-00C04F79EFBC}") = "RateME", "RateME\RateME.csproj", "{C03BD449-C48E-4A51-A0F9-B83968CAFF3C}"
EndProject
Global
	GlobalSection(SolutionConfigurationPlatforms) = preSolution
		Debug|Any CPU = Debug|Any CPU
		Release|Any CPU = Release|Any CPU
	EndGlobalSection
	GlobalSection(ProjectConfigurationPlatforms) = postSolution
		{C03BD449-C48E-4A51-A0F9-B83968CAFF3C}.Debug|Any CPU.ActiveCfg = Debug|Any CPU
		{C03BD449-C48E-4A51-A0F9-B83968CAFF3C}.Debug|Any CPU.Build.0 = Debug|Any CPU
		{C03BD449-C48E-4A51-A0F9-B83968CAFF3C}.Release|Any CPU.ActiveCfg = Release|Any CPU
		{C03BD449-C48E-4A51-A0F9-B83968CAFF3C}.Release|Any CPU.Build.0 = Release|Any CPU
	EndGlobalSection
	GlobalSection(SolutionProperties) = preSolution
		HideSolutionNode = FALSE
	EndGlobalSection
	GlobalSection(ExtensibilityGlobals) = postSolution
		SolutionGuid = {6C141855-17FA-40A5-B7FF-D327F1037C29}
	EndGlobalSection
EndGlobal
